
Microsoft Visual Studio Solution File, Format Version 12.00
# Visual Studio 15
VisualStudioVersion = 15.0.27703.2042
MinimumVisualStudioVersion = 10.0.40219.1
Project("{FAE04EC0-301F-11D3-BF4B-00C04F79EFBC}") = "WpfHomework", "WpfHomework\WpfHomework.csproj", "{9B329BDB-4FDD-47EC-9A33-0C8C31984329}"
EndProject
Global
	GlobalSection(SolutionConfigurationPlatforms) = preSolution
		Debug|Any CPU = Debug|Any CPU
		Release|Any CPU = Release|Any CPU
	EndGlobalSection
	GlobalSection(ProjectConfigurationPlatforms) = postSolution
		{9B329BDB-4FDD-47EC-9A33-0C8C31984329}.Debug|Any CPU.ActiveCfg = Debug|Any CPU
		{9B329BDB-4FDD-47EC-9A33-0C8C31984329}.Debug|Any CPU.Build.0 = Debug|Any CPU
		{9B329BDB-4FDD-47EC-9A33-0C8C31984329}.Release|Any CPU.ActiveCfg = Release|Any CPU
		{9B329BDB-4FDD-47EC-9A33-0C8C31984329}.Release|Any CPU.Build.0 = Release|Any CPU
	EndGlobalSection
	GlobalSection(SolutionProperties) = preSolution
		HideSolutionNode = FALSE
	EndGlobalSection
	GlobalSection(ExtensibilityGlobals) = postSolution
		SolutionGuid = {D9E4B28C-CF8F-4C2F-B1AA-21CEA2C0E999}
	EndGlobalSection
EndGlobal
